
Microsoft Visual Studio Solution File, Format Version 11.00
# Visual Studio 2010
Project("{FAE04EC0-301F-11D3-BF4B-00C04F79EFBC}") = "uKanren", "uKanren\uKanren.csproj", "{635C79C0-19AB-4861-9A70-3A8C7D1127E4}"
EndProject
Project("{FAE04EC0-301F-11D3-BF4B-00C04F79EFBC}") = "KanrenTests", "KanrenTests\KanrenTests.csproj", "{42964E83-A889-42AC-8CF3-D16138BAFCEC}"
EndProject
Global
	GlobalSection(SolutionConfigurationPlatforms) = preSolution
		Debug|Any CPU = Debug|Any CPU
		Debug|Mixed Platforms = Debug|Mixed Platforms
		Debug|x86 = Debug|x86
		Release|Any CPU = Release|Any CPU
		Release|Mixed Platforms = Release|Mixed Platforms
		Release|x86 = Release|x86
	EndGlobalSection
	GlobalSection(ProjectConfigurationPlatforms) = postSolution
		{635C79C0-19AB-4861-9A70-3A8C7D1127E4}.Debug|Any CPU.ActiveCfg = Debug|Any CPU
		{635C79C0-19AB-4861-9A70-3A8C7D1127E4}.Debug|Any CPU.Build.0 = Debug|Any CPU
		{635C79C0-19AB-4861-9A70-3A8C7D1127E4}.Debug|Mixed Platforms.ActiveCfg = Debug|Any CPU
		{635C79C0-19AB-4861-9A70-3A8C7D1127E4}.Debug|Mixed Platforms.Build.0 = Debug|Any CPU
		{635C79C0-19AB-4861-9A70-3A8C7D1127E4}.Debug|x86.ActiveCfg = Debug|Any CPU
		{635C79C0-19AB-4861-9A70-3A8C7D1127E4}.Release|Any CPU.ActiveCfg = Release|Any CPU
		{635C79C0-19AB-4861-9A70-3A8C7D1127E4}.Release|Any CPU.Build.0 = Release|Any CPU
		{635C79C0-19AB-4861-9A70-3A8C7D1127E4}.Release|Mixed Platforms.ActiveCfg = Release|Any CPU
		{635C79C0-19AB-4861-9A70-3A8C7D1127E4}.Release|Mixed Platforms.Build.0 = Release|Any CPU
		{635C79C0-19AB-4861-9A70-3A8C7D1127E4}.Release|x86.ActiveCfg = Release|Any CPU
		{42964E83-A889-42AC-8CF3-D16138BAFCEC}.Debug|Any CPU.ActiveCfg = Debug|x86
		{42964E83-A889-42AC-8CF3-D16138BAFCEC}.Debug|Mixed Platforms.ActiveCfg = Debug|x86
		{42964E83-A889-42AC-8CF3-D16138BAFCEC}.Debug|Mixed Platforms.Build.0 = Debug|x86
		{42964E83-A889-42AC-8CF3-D16138BAFCEC}.Debug|x86.ActiveCfg = Debug|x86
		{42964E83-A889-42AC-8CF3-D16138BAFCEC}.Debug|x86.Build.0 = Debug|x86
		{42964E83-A889-42AC-8CF3-D16138BAFCEC}.Release|Any CPU.ActiveCfg = Release|x86
		{42964E83-A889-42AC-8CF3-D16138BAFCEC}.Release|Mixed Platforms.ActiveCfg = Release|x86
		{42964E83-A889-42AC-8CF3-D16138BAFCEC}.Release|Mixed Platforms.Build.0 = Release|x86
		{42964E83-A889-42AC-8CF3-D16138BAFCEC}.Release|x86.ActiveCfg = Release|x86
		{42964E83-A889-42AC-8CF3-D16138BAFCEC}.Release|x86.Build.0 = Release|x86
	EndGlobalSection
	GlobalSection(SolutionProperties) = preSolution
		HideSolutionNode = FALSE
	EndGlobalSection
EndGlobal
